
Microsoft Visual Studio Solution File, Format Version 12.00
# Visual Studio 2012
Project("{FAE04EC0-301F-11D3-BF4B-00C04F79EFBC}") = "Test", "Test\Test.csproj", "{70ADE780-61CB-43F1-968F-DC917B5DD9DB}"
EndProject
Project("{FAE04EC0-301F-11D3-BF4B-00C04F79EFBC}") = "Test.Droid", "Droid\Test.Droid.csproj", "{F9A0BCD0-9C26-4E67-9F26-3B1828B90CD4}"
EndProject
Project("{FAE04EC0-301F-11D3-BF4B-00C04F79EFBC}") = "Xamarin.Plugins.UnobtrusiveFluentValidation", "..\src\Xamarin.Plugins.UnobtrusiveFluentValidation\Xamarin.Plugins.UnobtrusiveFluentValidation.csproj", "{309FD507-7985-4A9D-A875-4EE236EFFD7A}"
EndProject
Global
	GlobalSection(SolutionConfigurationPlatforms) = preSolution
		Debug|Any CPU = Debug|Any CPU
		Release|Any CPU = Release|Any CPU
		Debug|iPhoneSimulator = Debug|iPhoneSimulator
		Release|iPhoneSimulator = Release|iPhoneSimulator
		Debug|iPhone = Debug|iPhone
		Release|iPhone = Release|iPhone
		Ad-Hoc|iPhone = Ad-Hoc|iPhone
		AppStore|iPhone = AppStore|iPhone
	EndGlobalSection
	GlobalSection(ProjectConfigurationPlatforms) = postSolution
		{70ADE780-61CB-43F1-968F-DC917B5DD9DB}.Debug|Any CPU.ActiveCfg = Debug|Any CPU
		{70ADE780-61CB-43F1-968F-DC917B5DD9DB}.Debug|Any CPU.Build.0 = Debug|Any CPU
		{70ADE780-61CB-43F1-968F-DC917B5DD9DB}.Release|Any CPU.ActiveCfg = Release|Any CPU
		{70ADE780-61CB-43F1-968F-DC917B5DD9DB}.Release|Any CPU.Build.0 = Release|Any CPU
		{70ADE780-61CB-43F1-968F-DC917B5DD9DB}.Debug|iPhoneSimulator.ActiveCfg = Debug|Any CPU
		{70ADE780-61CB-43F1-968F-DC917B5DD9DB}.Release|iPhoneSimulator.ActiveCfg = Release|Any CPU
		{70ADE780-61CB-43F1-968F-DC917B5DD9DB}.Debug|iPhone.ActiveCfg = Debug|Any CPU
		{70ADE780-61CB-43F1-968F-DC917B5DD9DB}.Release|iPhone.ActiveCfg = Release|Any CPU
		{70ADE780-61CB-43F1-968F-DC917B5DD9DB}.Ad-Hoc|iPhone.ActiveCfg = Ad-Hoc|Any CPU
		{70ADE780-61CB-43F1-968F-DC917B5DD9DB}.AppStore|iPhone.ActiveCfg = AppStore|Any CPU
		{F9A0BCD0-9C26-4E67-9F26-3B1828B90CD4}.Debug|Any CPU.ActiveCfg = Debug|Any CPU
		{F9A0BCD0-9C26-4E67-9F26-3B1828B90CD4}.Debug|Any CPU.Build.0 = Debug|Any CPU
		{F9A0BCD0-9C26-4E67-9F26-3B1828B90CD4}.Release|Any CPU.ActiveCfg = Release|Any CPU
		{F9A0BCD0-9C26-4E67-9F26-3B1828B90CD4}.Release|Any CPU.Build.0 = Release|Any CPU
		{F9A0BCD0-9C26-4E67-9F26-3B1828B90CD4}.Debug|iPhoneSimulator.ActiveCfg = Debug|Any CPU
		{F9A0BCD0-9C26-4E67-9F26-3B1828B90CD4}.Debug|iPhoneSimulator.Build.0 = Debug|Any CPU
		{F9A0BCD0-9C26-4E67-9F26-3B1828B90CD4}.Release|iPhoneSimulator.ActiveCfg = Release|Any CPU
		{F9A0BCD0-9C26-4E67-9F26-3B1828B90CD4}.Release|iPhoneSimulator.Build.0 = Release|Any CPU
		{F9A0BCD0-9C26-4E67-9F26-3B1828B90CD4}.Debug|iPhone.ActiveCfg = Debug|Any CPU
		{F9A0BCD0-9C26-4E67-9F26-3B1828B90CD4}.Debug|iPhone.Build.0 = Debug|Any CPU
		{F9A0BCD0-9C26-4E67-9F26-3B1828B90CD4}.Release|iPhone.ActiveCfg = Release|Any CPU
		{F9A0BCD0-9C26-4E67-9F26-3B1828B90CD4}.Release|iPhone.Build.0 = Release|Any CPU
		{F9A0BCD0-9C26-4E67-9F26-3B1828B90CD4}.Ad-Hoc|iPhone.ActiveCfg = Debug|Any CPU
		{F9A0BCD0-9C26-4E67-9F26-3B1828B90CD4}.Ad-Hoc|iPhone.Build.0 = Debug|Any CPU
		{F9A0BCD0-9C26-4E67-9F26-3B1828B90CD4}.AppStore|iPhone.ActiveCfg = Debug|Any CPU
		{F9A0BCD0-9C26-4E67-9F26-3B1828B90CD4}.AppStore|iPhone.Build.0 = Debug|Any CPU
		{309FD507-7985-4A9D-A875-4EE236EFFD7A}.Debug|Any CPU.ActiveCfg = Debug|Any CPU
		{309FD507-7985-4A9D-A875-4EE236EFFD7A}.Debug|Any CPU.Build.0 = Debug|Any CPU
		{309FD507-7985-4A9D-A875-4EE236EFFD7A}.Release|Any CPU.ActiveCfg = Release|Any CPU
		{309FD507-7985-4A9D-A875-4EE236EFFD7A}.Release|Any CPU.Build.0 = Release|Any CPU
		{309FD507-7985-4A9D-A875-4EE236EFFD7A}.Debug|iPhoneSimulator.ActiveCfg = Debug|Any CPU
		{309FD507-7985-4A9D-A875-4EE236EFFD7A}.Debug|iPhoneSimulator.Build.0 = Debug|Any CPU
		{309FD507-7985-4A9D-A875-4EE236EFFD7A}.Release|iPhoneSimulator.ActiveCfg = Release|Any CPU
		{309FD507-7985-4A9D-A875-4EE236EFFD7A}.Release|iPhoneSimulator.Build.0 = Release|Any CPU
		{309FD507-7985-4A9D-A875-4EE236EFFD7A}.Debug|iPhone.ActiveCfg = Debug|Any CPU
		{309FD507-7985-4A9D-A875-4EE236EFFD7A}.Debug|iPhone.Build.0 = Debug|Any CPU
		{309FD507-7985-4A9D-A875-4EE236EFFD7A}.Release|iPhone.ActiveCfg = Release|Any CPU
		{309FD507-7985-4A9D-A875-4EE236EFFD7A}.Release|iPhone.Build.0 = Release|Any CPU
		{309FD507-7985-4A9D-A875-4EE236EFFD7A}.Ad-Hoc|iPhone.ActiveCfg = Debug|Any CPU
		{309FD507-7985-4A9D-A875-4EE236EFFD7A}.Ad-Hoc|iPhone.Build.0 = Debug|Any CPU
		{309FD507-7985-4A9D-A875-4EE236EFFD7A}.AppStore|iPhone.ActiveCfg = Debug|Any CPU
		{309FD507-7985-4A9D-A875-4EE236EFFD7A}.AppStore|iPhone.Build.0 = Debug|Any CPU
	EndGlobalSection
EndGlobal
