
Microsoft Visual Studio Solution File, Format Version 12.00
# Visual Studio 2012
Project("{FAE04EC0-301F-11D3-BF4B-00C04F79EFBC}") = "Xamarin.Plugins.UnobtrusiveFluentValidation.Tests", "Xamarin.Plugins.UnobtrusiveFluentValidation.Tests.csproj", "{2855F998-8D09-42D3-8A0A-0ECB95BC7896}"
EndProject
Global
	GlobalSection(SolutionConfigurationPlatforms) = preSolution
		Debug|Any CPU = Debug|Any CPU
		Release|Any CPU = Release|Any CPU
	EndGlobalSection
	GlobalSection(ProjectConfigurationPlatforms) = postSolution
		{2855F998-8D09-42D3-8A0A-0ECB95BC7896}.Debug|Any CPU.ActiveCfg = Debug|Any CPU
		{2855F998-8D09-42D3-8A0A-0ECB95BC7896}.Debug|Any CPU.Build.0 = Debug|Any CPU
		{2855F998-8D09-42D3-8A0A-0ECB95BC7896}.Release|Any CPU.ActiveCfg = Release|Any CPU
		{2855F998-8D09-42D3-8A0A-0ECB95BC7896}.Release|Any CPU.Build.0 = Release|Any CPU
	EndGlobalSection
EndGlobal
